github.com/MintzyG/fail/v3 v3.2.0 h1:tAyTfiCl2ufcSvi3w8WHHf/iKX16mcfRqdXULHDfD5s=
github.com/MintzyG/fail/v3 v3.2.0/go.mod h1:Nr7t8S5qnwL9np0+gCl3s6BgfcXW5nDOwomu/VVgjrw=
github.com/google/uuid v1.6.0 h1:NIvaJDMOsjHA8n1jAhLSgzrAzy1Hgr+hNrb57e+94F0=
github.com/google/uuid v1.6.0/go.mod h1:TIyPZe4MgqvfeYDBFedMoGGpEw/LqOeaOT+nhxU+yHo=
